
Microsoft Visual Studio Solution File, Format Version 12.00
# Visual Studio 15
VisualStudioVersion = 15.0.27130.2010
MinimumVisualStudioVersion = 10.0.40219.1
Project("{FAE04EC0-301F-11D3-BF4B-00C04F79EFBC}") = "VerySimpleDemo", "VerySimpleDemo\VerySimpleDemo.csproj", "{8887DD39-94B4-4870-B3E2-A7EB072F6CED}"
EndProject
Project("{FAE04EC0-301F-11D3-BF4B-00C04F79EFBC}") = "WpfAsyncRequest", "WpfAsyncRequest\WpfAsyncRequest.csproj", "{81096B93-0C02-4530-82C0-631CB544AD7C}"
EndProject
Global
	GlobalSection(SolutionConfigurationPlatforms) = preSolution
		Debug|Any CPU = Debug|Any CPU
		Release|Any CPU = Release|Any CPU
	EndGlobalSection
	GlobalSection(ProjectConfigurationPlatforms) = postSolution
		{8887DD39-94B4-4870-B3E2-A7EB072F6CED}.Debug|Any CPU.ActiveCfg = Debug|Any CPU
		{8887DD39-94B4-4870-B3E2-A7EB072F6CED}.Debug|Any CPU.Build.0 = Debug|Any CPU
		{8887DD39-94B4-4870-B3E2-A7EB072F6CED}.Release|Any CPU.ActiveCfg = Release|Any CPU
		{8887DD39-94B4-4870-B3E2-A7EB072F6CED}.Release|Any CPU.Build.0 = Release|Any CPU
		{81096B93-0C02-4530-82C0-631CB544AD7C}.Debug|Any CPU.ActiveCfg = Debug|Any CPU
		{81096B93-0C02-4530-82C0-631CB544AD7C}.Debug|Any CPU.Build.0 = Debug|Any CPU
		{81096B93-0C02-4530-82C0-631CB544AD7C}.Release|Any CPU.ActiveCfg = Release|Any CPU
		{81096B93-0C02-4530-82C0-631CB544AD7C}.Release|Any CPU.Build.0 = Release|Any CPU
	EndGlobalSection
	GlobalSection(SolutionProperties) = preSolution
		HideSolutionNode = FALSE
	EndGlobalSection
	GlobalSection(ExtensibilityGlobals) = postSolution
		SolutionGuid = {3DE90046-FA07-4DEE-8C7A-C1AF4906BBAD}
	EndGlobalSection
EndGlobal
